
Microsoft Visual Studio Solution File, Format Version 12.00
# Visual Studio Version 16
VisualStudioVersion = 16.0.30413.136
MinimumVisualStudioVersion = 10.0.40219.1
Project("{FAE04EC0-301F-11D3-BF4B-00C04F79EFBC}") = "GPS.Tests", "GPS.Tests\GPS.Tests.csproj", "{68B26CD1-4597-496B-8785-522093BD9198}"
EndProject
Project("{FAE04EC0-301F-11D3-BF4B-00C04F79EFBC}") = "GPS.Data", "GPS.Data\GPS.Data.csproj", "{D6FF63E2-DE08-43ED-A4FD-58ED7DC503A3}"
EndProject
Project("{FAE04EC0-301F-11D3-BF4B-00C04F79EFBC}") = "GPS.Service", "GPS.Service\GPS.Service.csproj", "{A413F421-D652-483E-BC11-44A3C03935DD}"
EndProject
Global
	GlobalSection(SolutionConfigurationPlatforms) = preSolution
		Debug|Any CPU = Debug|Any CPU
		Release|Any CPU = Release|Any CPU
	EndGlobalSection
	GlobalSection(ProjectConfigurationPlatforms) = postSolution
		{68B26CD1-4597-496B-8785-522093BD9198}.Debug|Any CPU.ActiveCfg = Debug|Any CPU
		{68B26CD1-4597-496B-8785-522093BD9198}.Debug|Any CPU.Build.0 = Debug|Any CPU
		{68B26CD1-4597-496B-8785-522093BD9198}.Release|Any CPU.ActiveCfg = Release|Any CPU
		{68B26CD1-4597-496B-8785-522093BD9198}.Release|Any CPU.Build.0 = Release|Any CPU
		{D6FF63E2-DE08-43ED-A4FD-58ED7DC503A3}.Debug|Any CPU.ActiveCfg = Debug|Any CPU
		{D6FF63E2-DE08-43ED-A4FD-58ED7DC503A3}.Debug|Any CPU.Build.0 = Debug|Any CPU
		{D6FF63E2-DE08-43ED-A4FD-58ED7DC503A3}.Release|Any CPU.ActiveCfg = Release|Any CPU
		{D6FF63E2-DE08-43ED-A4FD-58ED7DC503A3}.Release|Any CPU.Build.0 = Release|Any CPU
		{A413F421-D652-483E-BC11-44A3C03935DD}.Debug|Any CPU.ActiveCfg = Debug|Any CPU
		{A413F421-D652-483E-BC11-44A3C03935DD}.Debug|Any CPU.Build.0 = Debug|Any CPU
		{A413F421-D652-483E-BC11-44A3C03935DD}.Release|Any CPU.ActiveCfg = Release|Any CPU
		{A413F421-D652-483E-BC11-44A3C03935DD}.Release|Any CPU.Build.0 = Release|Any CPU
	EndGlobalSection
	GlobalSection(SolutionProperties) = preSolution
		HideSolutionNode = FALSE
	EndGlobalSection
	GlobalSection(ExtensibilityGlobals) = postSolution
		SolutionGuid = {10DC18DA-2711-4F1B-A706-49F4DFD590E7}
	EndGlobalSection
EndGlobal
