
Microsoft Visual Studio Solution File, Format Version 12.00
# Visual Studio Version 16
VisualStudioVersion = 16.0.30413.136
MinimumVisualStudioVersion = 10.0.40219.1
Project("{9A19103F-16F7-4668-BE54-9A1E7A4F7556}") = "GPS.Tests", "GPS.Tests\GPS.Tests.csproj", "{68B26CD1-4597-496B-8785-522093BD9198}"
	ProjectSection(ProjectDependencies) = postProject
		{E5033B8A-6C02-4B9C-8D4D-17AF53323367} = {E5033B8A-6C02-4B9C-8D4D-17AF53323367}
	EndProjectSection
EndProject
Project("{9A19103F-16F7-4668-BE54-9A1E7A4F7556}") = "GPS.Service", "GPS.Service\GPS.Service.csproj", "{F33B9B96-E297-40D6-8630-49EA394B4EAA}"
	ProjectSection(ProjectDependencies) = postProject
		{E5033B8A-6C02-4B9C-8D4D-17AF53323367} = {E5033B8A-6C02-4B9C-8D4D-17AF53323367}
	EndProjectSection
EndProject
Project("{9A19103F-16F7-4668-BE54-9A1E7A4F7556}") = "GPS.Data", "GPS.Data\GPS.Data.csproj", "{E5033B8A-6C02-4B9C-8D4D-17AF53323367}"
EndProject
Project("{FAE04EC0-301F-11D3-BF4B-00C04F79EFBC}") = "GPS.DataService", "GPS.DataService\GPS.DataService.csproj", "{0DC77CDE-99C2-40EC-888A-0FC6A10B29FB}"
EndProject
Global
	GlobalSection(SolutionConfigurationPlatforms) = preSolution
		Debug|Any CPU = Debug|Any CPU
		Release|Any CPU = Release|Any CPU
	EndGlobalSection
	GlobalSection(ProjectConfigurationPlatforms) = postSolution
		{68B26CD1-4597-496B-8785-522093BD9198}.Debug|Any CPU.ActiveCfg = Debug|Any CPU
		{68B26CD1-4597-496B-8785-522093BD9198}.Debug|Any CPU.Build.0 = Debug|Any CPU
		{68B26CD1-4597-496B-8785-522093BD9198}.Release|Any CPU.ActiveCfg = Release|Any CPU
		{68B26CD1-4597-496B-8785-522093BD9198}.Release|Any CPU.Build.0 = Release|Any CPU
		{F33B9B96-E297-40D6-8630-49EA394B4EAA}.Debug|Any CPU.ActiveCfg = Debug|Any CPU
		{F33B9B96-E297-40D6-8630-49EA394B4EAA}.Debug|Any CPU.Build.0 = Debug|Any CPU
		{F33B9B96-E297-40D6-8630-49EA394B4EAA}.Release|Any CPU.ActiveCfg = Release|Any CPU
		{F33B9B96-E297-40D6-8630-49EA394B4EAA}.Release|Any CPU.Build.0 = Release|Any CPU
		{E5033B8A-6C02-4B9C-8D4D-17AF53323367}.Debug|Any CPU.ActiveCfg = Debug|Any CPU
		{E5033B8A-6C02-4B9C-8D4D-17AF53323367}.Debug|Any CPU.Build.0 = Debug|Any CPU
		{E5033B8A-6C02-4B9C-8D4D-17AF53323367}.Release|Any CPU.ActiveCfg = Release|Any CPU
		{E5033B8A-6C02-4B9C-8D4D-17AF53323367}.Release|Any CPU.Build.0 = Release|Any CPU
		{0DC77CDE-99C2-40EC-888A-0FC6A10B29FB}.Debug|Any CPU.ActiveCfg = Debug|Any CPU
		{0DC77CDE-99C2-40EC-888A-0FC6A10B29FB}.Debug|Any CPU.Build.0 = Debug|Any CPU
		{0DC77CDE-99C2-40EC-888A-0FC6A10B29FB}.Release|Any CPU.ActiveCfg = Release|Any CPU
		{0DC77CDE-99C2-40EC-888A-0FC6A10B29FB}.Release|Any CPU.Build.0 = Release|Any CPU
	EndGlobalSection
	GlobalSection(SolutionProperties) = preSolution
		HideSolutionNode = FALSE
	EndGlobalSection
	GlobalSection(ExtensibilityGlobals) = postSolution
		SolutionGuid = {10DC18DA-2711-4F1B-A706-49F4DFD590E7}
	EndGlobalSection
EndGlobal
